
Microsoft Visual Studio Solution File, Format Version 12.00
# Visual Studio Version 18
VisualStudioVersion = 18.1.11304.174
MinimumVisualStudioVersion = 10.0.40219.1
Project("{9A19103F-16F7-4668-BE54-9A1E7A4F7556}") = "FSquir", "Fillsquir\FSquir.csproj", "{E6CF2DF1-315F-4F1D-8B7F-00FF280DDA8C}"
EndProject
Project("{9A19103F-16F7-4668-BE54-9A1E7A4F7556}") = "Fillsquir.Core", "Fillsquir.Core\Fillsquir.Core.csproj", "{085FD8EB-7925-4AD4-88C1-0B1E92FD8970}"
EndProject
Project("{9A19103F-16F7-4668-BE54-9A1E7A4F7556}") = "tests", "tests\tests.csproj", "{604C6617-139A-4711-866E-CC1F2DA35A5C}"
EndProject
Project("{FAE04EC0-301F-11D3-BF4B-00C04F79EFBC}") = "FSquir.Api", "FSquir.Api\FSquir.Api.csproj", "{CF25BD6C-F4ED-4E0A-8976-4CE9CFD582B2}"
EndProject
Project("{FAE04EC0-301F-11D3-BF4B-00C04F79EFBC}") = "FSquir.Api.Tests", "FSquir.Api.Tests\FSquir.Api.Tests.csproj", "{AF8F9718-97DE-49E4-B408-729B0CBB9FEA}"
EndProject
Global
	GlobalSection(SolutionConfigurationPlatforms) = preSolution
		Debug|Any CPU = Debug|Any CPU
		Debug|x64 = Debug|x64
		Debug|x86 = Debug|x86
		Release|Any CPU = Release|Any CPU
		Release|x64 = Release|x64
		Release|x86 = Release|x86
	EndGlobalSection
	GlobalSection(ProjectConfigurationPlatforms) = postSolution
		{E6CF2DF1-315F-4F1D-8B7F-00FF280DDA8C}.Debug|Any CPU.ActiveCfg = Debug|Any CPU
		{E6CF2DF1-315F-4F1D-8B7F-00FF280DDA8C}.Debug|Any CPU.Build.0 = Debug|Any CPU
		{E6CF2DF1-315F-4F1D-8B7F-00FF280DDA8C}.Debug|Any CPU.Deploy.0 = Debug|Any CPU
		{E6CF2DF1-315F-4F1D-8B7F-00FF280DDA8C}.Debug|x64.ActiveCfg = Debug|Any CPU
		{E6CF2DF1-315F-4F1D-8B7F-00FF280DDA8C}.Debug|x64.Build.0 = Debug|Any CPU
		{E6CF2DF1-315F-4F1D-8B7F-00FF280DDA8C}.Debug|x86.ActiveCfg = Debug|Any CPU
		{E6CF2DF1-315F-4F1D-8B7F-00FF280DDA8C}.Debug|x86.Build.0 = Debug|Any CPU
		{E6CF2DF1-315F-4F1D-8B7F-00FF280DDA8C}.Release|Any CPU.ActiveCfg = Release|Any CPU
		{E6CF2DF1-315F-4F1D-8B7F-00FF280DDA8C}.Release|Any CPU.Build.0 = Release|Any CPU
		{E6CF2DF1-315F-4F1D-8B7F-00FF280DDA8C}.Release|Any CPU.Deploy.0 = Release|Any CPU
		{E6CF2DF1-315F-4F1D-8B7F-00FF280DDA8C}.Release|x64.ActiveCfg = Release|Any CPU
		{E6CF2DF1-315F-4F1D-8B7F-00FF280DDA8C}.Release|x64.Build.0 = Release|Any CPU
		{E6CF2DF1-315F-4F1D-8B7F-00FF280DDA8C}.Release|x86.ActiveCfg = Release|Any CPU
		{E6CF2DF1-315F-4F1D-8B7F-00FF280DDA8C}.Release|x86.Build.0 = Release|Any CPU
		{085FD8EB-7925-4AD4-88C1-0B1E92FD8970}.Debug|Any CPU.ActiveCfg = Debug|Any CPU
		{085FD8EB-7925-4AD4-88C1-0B1E92FD8970}.Debug|Any CPU.Build.0 = Debug|Any CPU
		{085FD8EB-7925-4AD4-88C1-0B1E92FD8970}.Debug|x64.ActiveCfg = Debug|Any CPU
		{085FD8EB-7925-4AD4-88C1-0B1E92FD8970}.Debug|x64.Build.0 = Debug|Any CPU
		{085FD8EB-7925-4AD4-88C1-0B1E92FD8970}.Debug|x86.ActiveCfg = Debug|Any CPU
		{085FD8EB-7925-4AD4-88C1-0B1E92FD8970}.Debug|x86.Build.0 = Debug|Any CPU
		{085FD8EB-7925-4AD4-88C1-0B1E92FD8970}.Release|Any CPU.ActiveCfg = Release|Any CPU
		{085FD8EB-7925-4AD4-88C1-0B1E92FD8970}.Release|Any CPU.Build.0 = Release|Any CPU
		{085FD8EB-7925-4AD4-88C1-0B1E92FD8970}.Release|x64.ActiveCfg = Release|Any CPU
		{085FD8EB-7925-4AD4-88C1-0B1E92FD8970}.Release|x64.Build.0 = Release|Any CPU
		{085FD8EB-7925-4AD4-88C1-0B1E92FD8970}.Release|x86.ActiveCfg = Release|Any CPU
		{085FD8EB-7925-4AD4-88C1-0B1E92FD8970}.Release|x86.Build.0 = Release|Any CPU
		{604C6617-139A-4711-866E-CC1F2DA35A5C}.Debug|Any CPU.ActiveCfg = Debug|Any CPU
		{604C6617-139A-4711-866E-CC1F2DA35A5C}.Debug|Any CPU.Build.0 = Debug|Any CPU
		{604C6617-139A-4711-866E-CC1F2DA35A5C}.Debug|x64.ActiveCfg = Debug|Any CPU
		{604C6617-139A-4711-866E-CC1F2DA35A5C}.Debug|x64.Build.0 = Debug|Any CPU
		{604C6617-139A-4711-866E-CC1F2DA35A5C}.Debug|x86.ActiveCfg = Debug|Any CPU
		{604C6617-139A-4711-866E-CC1F2DA35A5C}.Debug|x86.Build.0 = Debug|Any CPU
		{604C6617-139A-4711-866E-CC1F2DA35A5C}.Release|Any CPU.ActiveCfg = Release|Any CPU
		{604C6617-139A-4711-866E-CC1F2DA35A5C}.Release|Any CPU.Build.0 = Release|Any CPU
		{604C6617-139A-4711-866E-CC1F2DA35A5C}.Release|x64.ActiveCfg = Release|Any CPU
		{604C6617-139A-4711-866E-CC1F2DA35A5C}.Release|x64.Build.0 = Release|Any CPU
		{604C6617-139A-4711-866E-CC1F2DA35A5C}.Release|x86.ActiveCfg = Release|Any CPU
		{604C6617-139A-4711-866E-CC1F2DA35A5C}.Release|x86.Build.0 = Release|Any CPU
		{CF25BD6C-F4ED-4E0A-8976-4CE9CFD582B2}.Debug|Any CPU.ActiveCfg = Debug|Any CPU
		{CF25BD6C-F4ED-4E0A-8976-4CE9CFD582B2}.Debug|Any CPU.Build.0 = Debug|Any CPU
		{CF25BD6C-F4ED-4E0A-8976-4CE9CFD582B2}.Debug|x64.ActiveCfg = Debug|Any CPU
		{CF25BD6C-F4ED-4E0A-8976-4CE9CFD582B2}.Debug|x64.Build.0 = Debug|Any CPU
		{CF25BD6C-F4ED-4E0A-8976-4CE9CFD582B2}.Debug|x86.ActiveCfg = Debug|Any CPU
		{CF25BD6C-F4ED-4E0A-8976-4CE9CFD582B2}.Debug|x86.Build.0 = Debug|Any CPU
		{CF25BD6C-F4ED-4E0A-8976-4CE9CFD582B2}.Release|Any CPU.ActiveCfg = Release|Any CPU
		{CF25BD6C-F4ED-4E0A-8976-4CE9CFD582B2}.Release|Any CPU.Build.0 = Release|Any CPU
		{CF25BD6C-F4ED-4E0A-8976-4CE9CFD582B2}.Release|x64.ActiveCfg = Release|Any CPU
		{CF25BD6C-F4ED-4E0A-8976-4CE9CFD582B2}.Release|x64.Build.0 = Release|Any CPU
		{CF25BD6C-F4ED-4E0A-8976-4CE9CFD582B2}.Release|x86.ActiveCfg = Release|Any CPU
		{CF25BD6C-F4ED-4E0A-8976-4CE9CFD582B2}.Release|x86.Build.0 = Release|Any CPU
		{AF8F9718-97DE-49E4-B408-729B0CBB9FEA}.Debug|Any CPU.ActiveCfg = Debug|Any CPU
		{AF8F9718-97DE-49E4-B408-729B0CBB9FEA}.Debug|Any CPU.Build.0 = Debug|Any CPU
		{AF8F9718-97DE-49E4-B408-729B0CBB9FEA}.Debug|x64.ActiveCfg = Debug|Any CPU
		{AF8F9718-97DE-49E4-B408-729B0CBB9FEA}.Debug|x64.Build.0 = Debug|Any CPU
		{AF8F9718-97DE-49E4-B408-729B0CBB9FEA}.Debug|x86.ActiveCfg = Debug|Any CPU
		{AF8F9718-97DE-49E4-B408-729B0CBB9FEA}.Debug|x86.Build.0 = Debug|Any CPU
		{AF8F9718-97DE-49E4-B408-729B0CBB9FEA}.Release|Any CPU.ActiveCfg = Release|Any CPU
		{AF8F9718-97DE-49E4-B408-729B0CBB9FEA}.Release|Any CPU.Build.0 = Release|Any CPU
		{AF8F9718-97DE-49E4-B408-729B0CBB9FEA}.Release|x64.ActiveCfg = Release|Any CPU
		{AF8F9718-97DE-49E4-B408-729B0CBB9FEA}.Release|x64.Build.0 = Release|Any CPU
		{AF8F9718-97DE-49E4-B408-729B0CBB9FEA}.Release|x86.ActiveCfg = Release|Any CPU
		{AF8F9718-97DE-49E4-B408-729B0CBB9FEA}.Release|x86.Build.0 = Release|Any CPU
	EndGlobalSection
	GlobalSection(SolutionProperties) = preSolution
		HideSolutionNode = FALSE
	EndGlobalSection
	GlobalSection(ExtensibilityGlobals) = postSolution
		SolutionGuid = {61F7FB11-1E47-470C-91E2-47F8143E1572}
	EndGlobalSection
EndGlobal
